
Microsoft Visual Studio Solution File, Format Version 12.00
# Visual Studio Version 17
VisualStudioVersion = 17.11.35219.272
MinimumVisualStudioVersion = 10.0.40219.1
Project("{FAE04EC0-301F-11D3-BF4B-00C04F79EFBC}") = "TheGarageManagerServer", "TheGarageManagerServer\TheGarageManagerServer.csproj", "{75D952A4-F8F9-45BB-A512-DC9017098505}"
EndProject
Global
	GlobalSection(SolutionConfigurationPlatforms) = preSolution
		Debug|Any CPU = Debug|Any CPU
		Release|Any CPU = Release|Any CPU
	EndGlobalSection
	GlobalSection(ProjectConfigurationPlatforms) = postSolution
		{75D952A4-F8F9-45BB-A512-DC9017098505}.Debug|Any CPU.ActiveCfg = Debug|Any CPU
		{75D952A4-F8F9-45BB-A512-DC9017098505}.Debug|Any CPU.Build.0 = Debug|Any CPU
		{75D952A4-F8F9-45BB-A512-DC9017098505}.Release|Any CPU.ActiveCfg = Release|Any CPU
		{75D952A4-F8F9-45BB-A512-DC9017098505}.Release|Any CPU.Build.0 = Release|Any CPU
	EndGlobalSection
	GlobalSection(SolutionProperties) = preSolution
		HideSolutionNode = FALSE
	EndGlobalSection
	GlobalSection(ExtensibilityGlobals) = postSolution
		SolutionGuid = {A9C9563B-9CA5-4B18-98B7-45186642EF0D}
	EndGlobalSection
EndGlobal
